
Microsoft Visual Studio Solution File, Format Version 12.00
# Visual Studio Version 17
VisualStudioVersion = 17.8.34322.80
MinimumVisualStudioVersion = 10.0.40219.1
Project("{FAE04EC0-301F-11D3-BF4B-00C04F79EFBC}") = "ExerciseList", "ExerciseList\ExerciseList.csproj", "{B43EA2C3-E2A8-46DC-ADCD-E2EB7AA042AE}"
EndProject
Global
	GlobalSection(SolutionConfigurationPlatforms) = preSolution
		Debug|Any CPU = Debug|Any CPU
		Release|Any CPU = Release|Any CPU
	EndGlobalSection
	GlobalSection(ProjectConfigurationPlatforms) = postSolution
		{B43EA2C3-E2A8-46DC-ADCD-E2EB7AA042AE}.Debug|Any CPU.ActiveCfg = Debug|Any CPU
		{B43EA2C3-E2A8-46DC-ADCD-E2EB7AA042AE}.Debug|Any CPU.Build.0 = Debug|Any CPU
		{B43EA2C3-E2A8-46DC-ADCD-E2EB7AA042AE}.Release|Any CPU.ActiveCfg = Release|Any CPU
		{B43EA2C3-E2A8-46DC-ADCD-E2EB7AA042AE}.Release|Any CPU.Build.0 = Release|Any CPU
	EndGlobalSection
	GlobalSection(SolutionProperties) = preSolution
		HideSolutionNode = FALSE
	EndGlobalSection
	GlobalSection(ExtensibilityGlobals) = postSolution
		SolutionGuid = {410C16D6-9C2F-4B8E-BE3D-752200BB69E5}
	EndGlobalSection
EndGlobal
