
Microsoft Visual Studio Solution File, Format Version 12.00
# Visual Studio Version 17
VisualStudioVersion = 17.8.34316.72
MinimumVisualStudioVersion = 10.0.40219.1
Project("{FAE04EC0-301F-11D3-BF4B-00C04F79EFBC}") = "WinFormsAppCalculator", "WinFormsAppCalculator\WinFormsAppCalculator.csproj", "{A20A2C70-26D1-424F-9471-A34F0A9F271E}"
EndProject
Global
	GlobalSection(SolutionConfigurationPlatforms) = preSolution
		Debug|Any CPU = Debug|Any CPU
		Release|Any CPU = Release|Any CPU
	EndGlobalSection
	GlobalSection(ProjectConfigurationPlatforms) = postSolution
		{A20A2C70-26D1-424F-9471-A34F0A9F271E}.Debug|Any CPU.ActiveCfg = Debug|Any CPU
		{A20A2C70-26D1-424F-9471-A34F0A9F271E}.Debug|Any CPU.Build.0 = Debug|Any CPU
		{A20A2C70-26D1-424F-9471-A34F0A9F271E}.Release|Any CPU.ActiveCfg = Release|Any CPU
		{A20A2C70-26D1-424F-9471-A34F0A9F271E}.Release|Any CPU.Build.0 = Release|Any CPU
	EndGlobalSection
	GlobalSection(SolutionProperties) = preSolution
		HideSolutionNode = FALSE
	EndGlobalSection
	GlobalSection(ExtensibilityGlobals) = postSolution
		SolutionGuid = {569BBA6B-050C-4F4A-8B46-640C87588BE2}
	EndGlobalSection
EndGlobal
